
Microsoft Visual Studio Solution File, Format Version 12.00
# Visual Studio Version 16
VisualStudioVersion = 16.0.30320.27
MinimumVisualStudioVersion = 10.0.40219.1
Project("{8BC9CEB8-8B4A-11D0-8D11-00A0C91BC942}") = "상속클래스", "상속클래스\상속클래스.vcxproj", "{BD051D3C-9FB5-4267-AF69-CB4BD946A4E6}"
EndProject
Global
	GlobalSection(SolutionConfigurationPlatforms) = preSolution
		Debug|x64 = Debug|x64
		Debug|x86 = Debug|x86
		Release|x64 = Release|x64
		Release|x86 = Release|x86
	EndGlobalSection
	GlobalSection(ProjectConfigurationPlatforms) = postSolution
		{BD051D3C-9FB5-4267-AF69-CB4BD946A4E6}.Debug|x64.ActiveCfg = Debug|x64
		{BD051D3C-9FB5-4267-AF69-CB4BD946A4E6}.Debug|x64.Build.0 = Debug|x64
		{BD051D3C-9FB5-4267-AF69-CB4BD946A4E6}.Debug|x86.ActiveCfg = Debug|Win32
		{BD051D3C-9FB5-4267-AF69-CB4BD946A4E6}.Debug|x86.Build.0 = Debug|Win32
		{BD051D3C-9FB5-4267-AF69-CB4BD946A4E6}.Release|x64.ActiveCfg = Release|x64
		{BD051D3C-9FB5-4267-AF69-CB4BD946A4E6}.Release|x64.Build.0 = Release|x64
		{BD051D3C-9FB5-4267-AF69-CB4BD946A4E6}.Release|x86.ActiveCfg = Release|Win32
		{BD051D3C-9FB5-4267-AF69-CB4BD946A4E6}.Release|x86.Build.0 = Release|Win32
	EndGlobalSection
	GlobalSection(SolutionProperties) = preSolution
		HideSolutionNode = FALSE
	EndGlobalSection
	GlobalSection(ExtensibilityGlobals) = postSolution
		SolutionGuid = {114D4436-D6F4-4BED-9638-A52CF42FE23F}
	EndGlobalSection
EndGlobal
