
Microsoft Visual Studio Solution File, Format Version 12.00
# Visual Studio Version 16
VisualStudioVersion = 16.0.30204.135
MinimumVisualStudioVersion = 10.0.40219.1
Project("{8BC9CEB8-8B4A-11D0-8D11-00A0C91BC942}") = "2.3the two_func.c", "2.3the two_func.c.vcxproj", "{0C0AB560-B6B0-49E6-9118-51169ED2AAD5}"
EndProject
Global
	GlobalSection(SolutionConfigurationPlatforms) = preSolution
		Debug|x64 = Debug|x64
		Debug|x86 = Debug|x86
		Release|x64 = Release|x64
		Release|x86 = Release|x86
	EndGlobalSection
	GlobalSection(ProjectConfigurationPlatforms) = postSolution
		{0C0AB560-B6B0-49E6-9118-51169ED2AAD5}.Debug|x64.ActiveCfg = Debug|x64
		{0C0AB560-B6B0-49E6-9118-51169ED2AAD5}.Debug|x64.Build.0 = Debug|x64
		{0C0AB560-B6B0-49E6-9118-51169ED2AAD5}.Debug|x86.ActiveCfg = Debug|Win32
		{0C0AB560-B6B0-49E6-9118-51169ED2AAD5}.Debug|x86.Build.0 = Debug|Win32
		{0C0AB560-B6B0-49E6-9118-51169ED2AAD5}.Release|x64.ActiveCfg = Release|x64
		{0C0AB560-B6B0-49E6-9118-51169ED2AAD5}.Release|x64.Build.0 = Release|x64
		{0C0AB560-B6B0-49E6-9118-51169ED2AAD5}.Release|x86.ActiveCfg = Release|Win32
		{0C0AB560-B6B0-49E6-9118-51169ED2AAD5}.Release|x86.Build.0 = Release|Win32
	EndGlobalSection
	GlobalSection(SolutionProperties) = preSolution
		HideSolutionNode = FALSE
	EndGlobalSection
	GlobalSection(ExtensibilityGlobals) = postSolution
		SolutionGuid = {3C622716-811F-45A6-82CE-59B12A4FC6B7}
	EndGlobalSection
EndGlobal
