
Microsoft Visual Studio Solution File, Format Version 12.00
# Visual Studio Version 16
VisualStudioVersion = 16.0.30204.135
MinimumVisualStudioVersion = 10.0.40219.1
Project("{8BC9CEB8-8B4A-11D0-8D11-00A0C91BC942}") = "2.2 fathm_ft", "2.2 fathm_ft.vcxproj", "{91CBF03C-9C56-425B-B81B-A24A575B659C}"
EndProject
Global
	GlobalSection(SolutionConfigurationPlatforms) = preSolution
		Debug|x64 = Debug|x64
		Debug|x86 = Debug|x86
		Release|x64 = Release|x64
		Release|x86 = Release|x86
	EndGlobalSection
	GlobalSection(ProjectConfigurationPlatforms) = postSolution
		{91CBF03C-9C56-425B-B81B-A24A575B659C}.Debug|x64.ActiveCfg = Debug|x64
		{91CBF03C-9C56-425B-B81B-A24A575B659C}.Debug|x64.Build.0 = Debug|x64
		{91CBF03C-9C56-425B-B81B-A24A575B659C}.Debug|x86.ActiveCfg = Debug|Win32
		{91CBF03C-9C56-425B-B81B-A24A575B659C}.Debug|x86.Build.0 = Debug|Win32
		{91CBF03C-9C56-425B-B81B-A24A575B659C}.Release|x64.ActiveCfg = Release|x64
		{91CBF03C-9C56-425B-B81B-A24A575B659C}.Release|x64.Build.0 = Release|x64
		{91CBF03C-9C56-425B-B81B-A24A575B659C}.Release|x86.ActiveCfg = Release|Win32
		{91CBF03C-9C56-425B-B81B-A24A575B659C}.Release|x86.Build.0 = Release|Win32
	EndGlobalSection
	GlobalSection(SolutionProperties) = preSolution
		HideSolutionNode = FALSE
	EndGlobalSection
	GlobalSection(ExtensibilityGlobals) = postSolution
		SolutionGuid = {BAF13223-A158-405E-9499-56EA0DE8BC0A}
	EndGlobalSection
EndGlobal
